// !$*UTF8*$!
{
	archiveVersion = 1;
	classes = {
	};
	objectVersion = 46;
	objects = {

/* Begin PBXFileReference section */
		CD49041F18A80DD500FD87D5 /* dataclasses.lua */ = {isa = PBXFileReference; fileEncoding = 4; lastKnownFileType = text; path = dataclasses.lua; sourceTree = "<group>"; xcLanguageSpecificationIdentifier = xcode.lang.lua; };
		CD49042418A8510600FD87D5 /* wow.lua */ = {isa = PBXFileReference; fileEncoding = 4; lastKnownFileType = text; name = wow.lua; path = lib/wow/wow.lua; sourceTree = SOURCE_ROOT; xcLanguageSpecificationIdentifier = xcode.lang.lua; };
		CD49042518A8510600FD87D5 /* wow.xml */ = {isa = PBXFileReference; fileEncoding = 4; lastKnownFileType = text.xml; name = wow.xml; path = lib/wow/wow.xml; sourceTree = SOURCE_ROOT; };
		CD49042918A88FD300FD87D5 /* am_location.lua */ = {isa = PBXFileReference; fileEncoding = 4; lastKnownFileType = text; path = am_location.lua; sourceTree = "<group>"; xcLanguageSpecificationIdentifier = xcode.lang.lua; };
		CD49042A18A88FD300FD87D5 /* true.lua */ = {isa = PBXFileReference; fileEncoding = 4; lastKnownFileType = text; path = true.lua; sourceTree = "<group>"; xcLanguageSpecificationIdentifier = xcode.lang.lua; };
		CD49042B18AAA1C800FD87D5 /* true.xml */ = {isa = PBXFileReference; fileEncoding = 4; lastKnownFileType = text.xml; path = true.xml; sourceTree = "<group>"; };
		CD49043118AAA75300FD87D5 /* extension.lua */ = {isa = PBXFileReference; fileEncoding = 4; lastKnownFileType = text; path = extension.lua; sourceTree = "<group>"; xcLanguageSpecificationIdentifier = xcode.lang.lua; };
		CD49043218AAA75300FD87D5 /* extension.xml */ = {isa = PBXFileReference; fileEncoding = 4; lastKnownFileType = text.xml; path = extension.xml; sourceTree = "<group>"; };
		CD843F8318AE9DED0053D2A4 /* class.lua */ = {isa = PBXFileReference; fileEncoding = 4; lastKnownFileType = text; path = class.lua; sourceTree = "<group>"; xcLanguageSpecificationIdentifier = xcode.lang.lua; };
		CD8D534A18564CC800FE7710 /* .gitignore */ = {isa = PBXFileReference; lastKnownFileType = text; path = .gitignore; sourceTree = "<group>"; };
		CD950FD718A57B12000BA308 /* contained.lua */ = {isa = PBXFileReference; fileEncoding = 4; lastKnownFileType = text; path = contained.lua; sourceTree = "<group>"; xcLanguageSpecificationIdentifier = xcode.lang.lua; };
		CD950FD818A57B12000BA308 /* contained.xml */ = {isa = PBXFileReference; fileEncoding = 4; lastKnownFileType = text.xml; path = contained.xml; sourceTree = "<group>"; };
		CD950FD918A57B12000BA308 /* container.lua */ = {isa = PBXFileReference; fileEncoding = 4; lastKnownFileType = text; path = container.lua; sourceTree = "<group>"; xcLanguageSpecificationIdentifier = xcode.lang.lua; };
		CD950FDA18A57B12000BA308 /* container.xml */ = {isa = PBXFileReference; fileEncoding = 4; lastKnownFileType = text.xml; path = container.xml; sourceTree = "<group>"; };
		CD950FDB18A57B2D000BA308 /* ArenaMacros.lua */ = {isa = PBXFileReference; fileEncoding = 4; lastKnownFileType = text; path = ArenaMacros.lua; sourceTree = "<group>"; xcLanguageSpecificationIdentifier = xcode.lang.lua; };
		CD950FDE18A57B84000BA308 /* core.xml */ = {isa = PBXFileReference; fileEncoding = 4; lastKnownFileType = text.xml; path = core.xml; sourceTree = "<group>"; };
		CD950FDF18A595AB000BA308 /* addon.lua */ = {isa = PBXFileReference; fileEncoding = 4; lastKnownFileType = text; path = addon.lua; sourceTree = "<group>"; xcLanguageSpecificationIdentifier = xcode.lang.lua; };
		CD950FE018A59B76000BA308 /* globals.lua */ = {isa = PBXFileReference; fileEncoding = 4; lastKnownFileType = text; path = globals.lua; sourceTree = "<group>"; xcLanguageSpecificationIdentifier = xcode.lang.lua; };
		CD950FE218A59C8F000BA308 /* utility.lua */ = {isa = PBXFileReference; fileEncoding = 4; lastKnownFileType = text; path = utility.lua; sourceTree = "<group>"; xcLanguageSpecificationIdentifier = xcode.lang.lua; };
		CD950FE318A59CD0000BA308 /* utility.xml */ = {isa = PBXFileReference; fileEncoding = 4; lastKnownFileType = text.xml; path = utility.xml; sourceTree = "<group>"; };
		CDB1FB5618A0293D0025719D /* dataclass.lua */ = {isa = PBXFileReference; fileEncoding = 4; lastKnownFileType = text; path = dataclass.lua; sourceTree = "<group>"; xcLanguageSpecificationIdentifier = xcode.lang.lua; };
		CDB1FB5818A0293D0025719D /* am_queue.lua */ = {isa = PBXFileReference; fileEncoding = 4; lastKnownFileType = text; path = am_queue.lua; sourceTree = "<group>"; };
		CDB1FB5918A0293D0025719D /* am_queue.xml */ = {isa = PBXFileReference; fileEncoding = 4; lastKnownFileType = text.xml; path = am_queue.xml; sourceTree = "<group>"; };
		CDB1FB5A18A0293D0025719D /* am_token.lua */ = {isa = PBXFileReference; fileEncoding = 4; lastKnownFileType = text; path = am_token.lua; sourceTree = "<group>"; };
		CDB1FB5B18A029E50025719D /* dataclass.xml */ = {isa = PBXFileReference; fileEncoding = 4; lastKnownFileType = text.xml; path = dataclass.xml; sourceTree = "<group>"; };
		CDDF1F1518A6D2C600590795 /* condition.lua */ = {isa = PBXFileReference; fileEncoding = 4; lastKnownFileType = text; path = condition.lua; sourceTree = "<group>"; xcLanguageSpecificationIdentifier = xcode.lang.lua; };
		CDDF1F1618A6D2C600590795 /* condition.xml */ = {isa = PBXFileReference; fileEncoding = 4; lastKnownFileType = text.xml; path = condition.xml; sourceTree = "<group>"; };
		CDDF1F1718A6D2C600590795 /* macro.lua */ = {isa = PBXFileReference; fileEncoding = 4; lastKnownFileType = text; path = macro.lua; sourceTree = "<group>"; xcLanguageSpecificationIdentifier = xcode.lang.lua; };
		CDDF1F1818A6D2C600590795 /* macro.xml */ = {isa = PBXFileReference; fileEncoding = 4; lastKnownFileType = text.xml; path = macro.xml; sourceTree = "<group>"; };
		CDDF1F1918A6D2C600590795 /* modifier.lua */ = {isa = PBXFileReference; fileEncoding = 4; lastKnownFileType = text; path = modifier.lua; sourceTree = "<group>"; xcLanguageSpecificationIdentifier = xcode.lang.lua; };
		CDDF1F1A18A6D2C600590795 /* modifier.xml */ = {isa = PBXFileReference; fileEncoding = 4; lastKnownFileType = text.xml; path = modifier.xml; sourceTree = "<group>"; };
		CDF29D95184317090025CAC4 /* ArenaMacros.toc */ = {isa = PBXFileReference; lastKnownFileType = text; path = ArenaMacros.toc; sourceTree = "<group>"; };
/* End PBXFileReference section */

/* Begin PBXGroup section */
		CD49042118A822FD00FD87D5 /* wow */ = {
			isa = PBXGroup;
			children = (
				CD49042418A8510600FD87D5 /* wow.lua */,
				CD49042518A8510600FD87D5 /* wow.xml */,
			);
			name = wow;
			path = frame;
			sourceTree = "<group>";
		};
		CD49042618A88FD300FD87D5 /* extensions */ = {
			isa = PBXGroup;
			children = (
				CD49042918A88FD300FD87D5 /* am_location.lua */,
				CD49042A18A88FD300FD87D5 /* true.lua */,
				CD49042B18AAA1C800FD87D5 /* true.xml */,
			);
			name = extensions;
			path = addons;
			sourceTree = "<group>";
		};
		CD49043018AAA75300FD87D5 /* extension */ = {
			isa = PBXGroup;
			children = (
				CD49043118AAA75300FD87D5 /* extension.lua */,
				CD49043218AAA75300FD87D5 /* extension.xml */,
			);
			path = extension;
			sourceTree = "<group>";
		};
		CD950FCF18A57B12000BA308 /* container */ = {
			isa = PBXGroup;
			children = (
				CD950FD718A57B12000BA308 /* contained.lua */,
				CD950FD818A57B12000BA308 /* contained.xml */,
				CD950FD918A57B12000BA308 /* container.lua */,
				CD950FDA18A57B12000BA308 /* container.xml */,
			);
			path = container;
			sourceTree = "<group>";
		};
		CD950FDC18A57B84000BA308 /* core */ = {
			isa = PBXGroup;
			children = (
				CD950FE018A59B76000BA308 /* globals.lua */,
				CD950FDF18A595AB000BA308 /* addon.lua */,
				CD950FDE18A57B84000BA308 /* core.xml */,
				CD843F8318AE9DED0053D2A4 /* class.lua */,
			);
			path = core;
			sourceTree = "<group>";
		};
		CD950FE118A59C8F000BA308 /* utility */ = {
			isa = PBXGroup;
			children = (
				CD950FE218A59C8F000BA308 /* utility.lua */,
				CD950FE318A59CD0000BA308 /* utility.xml */,
			);
			path = utility;
			sourceTree = "<group>";
		};
		CDB1FB4018A0293D0025719D /* lib */ = {
			isa = PBXGroup;
			children = (
				CD49043018AAA75300FD87D5 /* extension */,
				CD49042118A822FD00FD87D5 /* wow */,
				CD950FE118A59C8F000BA308 /* utility */,
				CD950FCF18A57B12000BA308 /* container */,
				CDB1FB5518A0293D0025719D /* dataclass */,
				CDB1FB5718A0293D0025719D /* queue */,
			);
			path = lib;
			sourceTree = "<group>";
		};
		CDB1FB5518A0293D0025719D /* dataclass */ = {
			isa = PBXGroup;
			children = (
				CDB1FB5618A0293D0025719D /* dataclass.lua */,
				CDB1FB5B18A029E50025719D /* dataclass.xml */,
			);
			path = dataclass;
			sourceTree = "<group>";
		};
		CDB1FB5718A0293D0025719D /* queue */ = {
			isa = PBXGroup;
			children = (
				CDB1FB5818A0293D0025719D /* am_queue.lua */,
				CDB1FB5918A0293D0025719D /* am_queue.xml */,
				CDB1FB5A18A0293D0025719D /* am_token.lua */,
			);
			path = queue;
			sourceTree = "<group>";
		};
		CDDF1F1418A6D2C600590795 /* contained */ = {
			isa = PBXGroup;
			children = (
				CDDF1F1518A6D2C600590795 /* condition.lua */,
				CDDF1F1618A6D2C600590795 /* condition.xml */,
				CDDF1F1718A6D2C600590795 /* macro.lua */,
				CDDF1F1818A6D2C600590795 /* macro.xml */,
				CDDF1F1918A6D2C600590795 /* modifier.lua */,
				CDDF1F1A18A6D2C600590795 /* modifier.xml */,
			);
			path = contained;
			sourceTree = "<group>";
		};
		CDF29D8A184315D60025CAC4 = {
			isa = PBXGroup;
			children = (
				CD950FDC18A57B84000BA308 /* core */,
				CDB1FB4018A0293D0025719D /* lib */,
				CD49042618A88FD300FD87D5 /* extensions */,
				CDDF1F1418A6D2C600590795 /* contained */,
				CDF29D95184317090025CAC4 /* ArenaMacros.toc */,
				CD950FDB18A57B2D000BA308 /* ArenaMacros.lua */,
				CD49041F18A80DD500FD87D5 /* dataclasses.lua */,
				CD8D534A18564CC800FE7710 /* .gitignore */,
			);
			sourceTree = "<group>";
		};
/* End PBXGroup section */

/* Begin PBXLegacyTarget section */
		CD02DAFA189C0B0200F27758 /* v2 Test System */ = {
			isa = PBXLegacyTarget;
			buildArgumentsString = test/dataclass.lua;
			buildConfigurationList = CD02DAFD189C0B0200F27758 /* Build configuration list for PBXLegacyTarget "v2 Test System" */;
			buildPhases = (
			);
			buildToolPath = /usr/local/bin/lua;
			buildWorkingDirectory = "/Volumes/Users/patrick/Applications/World of Warcraft/Interface/AddOns/arenamacros";
			dependencies = (
			);
			name = "v2 Test System";
			passBuildSettingsInEnvironment = 0;
			productName = "v2 Test System";
		};
/* End PBXLegacyTarget section */

/* Begin PBXProject section */
		CDF29D8B184315D60025CAC4 /* Project object */ = {
			isa = PBXProject;
			attributes = {
				LastUpgradeCheck = 0500;
			};
			buildConfigurationList = CDF29D8E184315D60025CAC4 /* Build configuration list for PBXProject "ArenaMacros" */;
			compatibilityVersion = "Xcode 3.2";
			developmentRegion = English;
			hasScannedForEncodings = 0;
			knownRegions = (
				en,
			);
			mainGroup = CDF29D8A184315D60025CAC4;
			projectDirPath = "";
			projectRoot = "";
			targets = (
				CD02DAFA189C0B0200F27758 /* v2 Test System */,
			);
		};
/* End PBXProject section */

/* Begin XCBuildConfiguration section */
		CD02DAFB189C0B0200F27758 /* Debug */ = {
			isa = XCBuildConfiguration;
			buildSettings = {
				ALWAYS_SEARCH_USER_PATHS = NO;
				CLANG_CXX_LANGUAGE_STANDARD = "gnu++0x";
				CLANG_CXX_LIBRARY = "libc++";
				CLANG_ENABLE_OBJC_ARC = YES;
				CLANG_WARN_BOOL_CONVERSION = YES;
				CLANG_WARN_CONSTANT_CONVERSION = YES;
				CLANG_WARN_DIRECT_OBJC_ISA_USAGE = YES_ERROR;
				CLANG_WARN_EMPTY_BODY = YES;
				CLANG_WARN_ENUM_CONVERSION = YES;
				CLANG_WARN_INT_CONVERSION = YES;
				CLANG_WARN_OBJC_ROOT_CLASS = YES_ERROR;
				CLANG_WARN__DUPLICATE_METHOD_MATCH = YES;
				COPY_PHASE_STRIP = NO;
				DEBUGGING_SYMBOLS = YES;
				GCC_C_LANGUAGE_STANDARD = gnu99;
				GCC_DYNAMIC_NO_PIC = NO;
				GCC_ENABLE_OBJC_EXCEPTIONS = YES;
				GCC_GENERATE_DEBUGGING_SYMBOLS = YES;
				GCC_OPTIMIZATION_LEVEL = 0;
				GCC_PREPROCESSOR_DEFINITIONS = (
					"DEBUG=1",
					"$(inherited)",
				);
				GCC_SYMBOLS_PRIVATE_EXTERN = NO;
				GCC_WARN_64_TO_32_BIT_CONVERSION = YES;
				GCC_WARN_ABOUT_RETURN_TYPE = YES_ERROR;
				GCC_WARN_UNDECLARED_SELECTOR = YES;
				GCC_WARN_UNINITIALIZED_AUTOS = YES;
				GCC_WARN_UNUSED_FUNCTION = YES;
				GCC_WARN_UNUSED_VARIABLE = YES;
				MACOSX_DEPLOYMENT_TARGET = 10.8;
				ONLY_ACTIVE_ARCH = YES;
				OTHER_CFLAGS = "";
				OTHER_LDFLAGS = "";
				PRODUCT_NAME = "$(TARGET_NAME)";
				SDKROOT = macosx;
			};
			name = Debug;
		};
		CD02DAFC189C0B0200F27758 /* Release */ = {
			isa = XCBuildConfiguration;
			buildSettings = {
				ALWAYS_SEARCH_USER_PATHS = NO;
				CLANG_CXX_LANGUAGE_STANDARD = "gnu++0x";
				CLANG_CXX_LIBRARY = "libc++";
				CLANG_ENABLE_OBJC_ARC = YES;
				CLANG_WARN_BOOL_CONVERSION = YES;
				CLANG_WARN_CONSTANT_CONVERSION = YES;
				CLANG_WARN_DIRECT_OBJC_ISA_USAGE = YES_ERROR;
				CLANG_WARN_EMPTY_BODY = YES;
				CLANG_WARN_ENUM_CONVERSION = YES;
				CLANG_WARN_INT_CONVERSION = YES;
				CLANG_WARN_OBJC_ROOT_CLASS = YES_ERROR;
				CLANG_WARN__DUPLICATE_METHOD_MATCH = YES;
				COPY_PHASE_STRIP = YES;
				DEBUG_INFORMATION_FORMAT = "dwarf-with-dsym";
				ENABLE_NS_ASSERTIONS = NO;
				GCC_C_LANGUAGE_STANDARD = gnu99;
				GCC_ENABLE_OBJC_EXCEPTIONS = YES;
				GCC_WARN_64_TO_32_BIT_CONVERSION = YES;
				GCC_WARN_ABOUT_RETURN_TYPE = YES_ERROR;
				GCC_WARN_UNDECLARED_SELECTOR = YES;
				GCC_WARN_UNINITIALIZED_AUTOS = YES;
				GCC_WARN_UNUSED_FUNCTION = YES;
				GCC_WARN_UNUSED_VARIABLE = YES;
				MACOSX_DEPLOYMENT_TARGET = 10.8;
				OTHER_CFLAGS = "";
				OTHER_LDFLAGS = "";
				PRODUCT_NAME = "$(TARGET_NAME)";
				SDKROOT = macosx;
			};
			name = Release;
		};
		CDF29D8F184315D60025CAC4 /* Debug */ = {
			isa = XCBuildConfiguration;
			buildSettings = {
			};
			name = Debug;
		};
		CDF29D90184315D60025CAC4 /* Release */ = {
			isa = XCBuildConfiguration;
			buildSettings = {
			};
			name = Release;
		};
/* End XCBuildConfiguration section */

/* Begin XCConfigurationList section */
		CD02DAFD189C0B0200F27758 /* Build configuration list for PBXLegacyTarget "v2 Test System" */ = {
			isa = XCConfigurationList;
			buildConfigurations = (
				CD02DAFB189C0B0200F27758 /* Debug */,
				CD02DAFC189C0B0200F27758 /* Release */,
			);
			defaultConfigurationIsVisible = 0;
			defaultConfigurationName = Release;
		};
		CDF29D8E184315D60025CAC4 /* Build configuration list for PBXProject "ArenaMacros" */ = {
			isa = XCConfigurationList;
			buildConfigurations = (
				CDF29D8F184315D60025CAC4 /* Debug */,
				CDF29D90184315D60025CAC4 /* Release */,
			);
			defaultConfigurationIsVisible = 0;
			defaultConfigurationName = Release;
		};
/* End XCConfigurationList section */
	};
	rootObject = CDF29D8B184315D60025CAC4 /* Project object */;
}
